
Microsoft Visual Studio Solution File, Format Version 12.00
# Visual Studio Version 17
VisualStudioVersion = 17.14.35906.104 d17.14
MinimumVisualStudioVersion = 10.0.40219.1
Project("{FAE04EC0-301F-11D3-BF4B-00C04F79EFBC}") = "Arqom.Extensions.Storage.Local", "Arqom.Extensions.Storage.Local\Arqom.Extensions.Storage.Local.csproj", "{C87185D5-6ED4-4D4E-B93A-70F17D461FAD}"
EndProject
Project("{FAE04EC0-301F-11D3-BF4B-00C04F79EFBC}") = "Arqom.Extensions.Storage.Local.Sample", "Arqom.Extensions.Storage.Local.Sample\Arqom.Extensions.Storage.Local.Sample.csproj", "{63EDCDFF-0635-4F1D-BC45-CC6DAC12B71B}"
EndProject
Global
	GlobalSection(SolutionConfigurationPlatforms) = preSolution
		Debug|Any CPU = Debug|Any CPU
		Release|Any CPU = Release|Any CPU
	EndGlobalSection
	GlobalSection(ProjectConfigurationPlatforms) = postSolution
		{C87185D5-6ED4-4D4E-B93A-70F17D461FAD}.Debug|Any CPU.ActiveCfg = Debug|Any CPU
		{C87185D5-6ED4-4D4E-B93A-70F17D461FAD}.Debug|Any CPU.Build.0 = Debug|Any CPU
		{C87185D5-6ED4-4D4E-B93A-70F17D461FAD}.Release|Any CPU.ActiveCfg = Release|Any CPU
		{C87185D5-6ED4-4D4E-B93A-70F17D461FAD}.Release|Any CPU.Build.0 = Release|Any CPU
		{63EDCDFF-0635-4F1D-BC45-CC6DAC12B71B}.Debug|Any CPU.ActiveCfg = Debug|Any CPU
		{63EDCDFF-0635-4F1D-BC45-CC6DAC12B71B}.Debug|Any CPU.Build.0 = Debug|Any CPU
		{63EDCDFF-0635-4F1D-BC45-CC6DAC12B71B}.Release|Any CPU.ActiveCfg = Release|Any CPU
		{63EDCDFF-0635-4F1D-BC45-CC6DAC12B71B}.Release|Any CPU.Build.0 = Release|Any CPU
	EndGlobalSection
	GlobalSection(SolutionProperties) = preSolution
		HideSolutionNode = FALSE
	EndGlobalSection
	GlobalSection(ExtensibilityGlobals) = postSolution
		SolutionGuid = {1222DED9-E8E1-4E4E-B125-22F0FBA202EF}
	EndGlobalSection
EndGlobal
